
Microsoft Visual Studio Solution File, Format Version 12.00
# Visual Studio Version 17
VisualStudioVersion = 17.14.36109.1 d17.14
MinimumVisualStudioVersion = 10.0.40219.1
Project("{FAE04EC0-301F-11D3-BF4B-00C04F79EFBC}") = "InheretanceDemo", "InheretanceDemo\InheretanceDemo.csproj", "{06819E14-5049-4A14-ABBC-31609A5D013B}"
EndProject
Global
	GlobalSection(SolutionConfigurationPlatforms) = preSolution
		Debug|Any CPU = Debug|Any CPU
		Release|Any CPU = Release|Any CPU
	EndGlobalSection
	GlobalSection(ProjectConfigurationPlatforms) = postSolution
		{06819E14-5049-4A14-ABBC-31609A5D013B}.Debug|Any CPU.ActiveCfg = Debug|Any CPU
		{06819E14-5049-4A14-ABBC-31609A5D013B}.Debug|Any CPU.Build.0 = Debug|Any CPU
		{06819E14-5049-4A14-ABBC-31609A5D013B}.Release|Any CPU.ActiveCfg = Release|Any CPU
		{06819E14-5049-4A14-ABBC-31609A5D013B}.Release|Any CPU.Build.0 = Release|Any CPU
	EndGlobalSection
	GlobalSection(SolutionProperties) = preSolution
		HideSolutionNode = FALSE
	EndGlobalSection
	GlobalSection(ExtensibilityGlobals) = postSolution
		SolutionGuid = {F6FB4C4F-EC30-43EF-925A-1E194B8775FB}
	EndGlobalSection
EndGlobal
